// !$*UTF8*$!
{
	archiveVersion = 1;
	classes = {
	};
	objectVersion = 55;
	objects = {

/* Begin PBXBuildFile section */
		085E9B7526F79568007B38D8 /* TimerApp WatchKit App.app in Embed Watch Content */ = {isa = PBXBuildFile; fileRef = 085E9B7426F79568007B38D8 /* TimerApp WatchKit App.app */; settings = {ATTRIBUTES = (RemoveHeadersOnCopy, ); }; };
		085E9B7A26F79569007B38D8 /* Assets.xcassets in Resources */ = {isa = PBXBuildFile; fileRef = 085E9B7926F79569007B38D8 /* Assets.xcassets */; };
		085E9B8026F79569007B38D8 /* TimerApp WatchKit Extension.appex in Embed App Extensions */ = {isa = PBXBuildFile; fileRef = 085E9B7F26F79569007B38D8 /* TimerApp WatchKit Extension.appex */; settings = {ATTRIBUTES = (RemoveHeadersOnCopy, ); }; };
		085E9B8526F79569007B38D8 /* TimerAppApp.swift in Sources */ = {isa = PBXBuildFile; fileRef = 085E9B8426F79569007B38D8 /* TimerAppApp.swift */; };
		085E9B8726F79569007B38D8 /* ContentView.swift in Sources */ = {isa = PBXBuildFile; fileRef = 085E9B8626F79569007B38D8 /* ContentView.swift */; };
		085E9B8926F79569007B38D8 /* NotificationController.swift in Sources */ = {isa = PBXBuildFile; fileRef = 085E9B8826F79569007B38D8 /* NotificationController.swift */; };
		085E9B8B26F79569007B38D8 /* NotificationView.swift in Sources */ = {isa = PBXBuildFile; fileRef = 085E9B8A26F79569007B38D8 /* NotificationView.swift */; };
		085E9B8D26F79569007B38D8 /* ComplicationController.swift in Sources */ = {isa = PBXBuildFile; fileRef = 085E9B8C26F79569007B38D8 /* ComplicationController.swift */; };
		085E9B8F26F7956A007B38D8 /* Assets.xcassets in Resources */ = {isa = PBXBuildFile; fileRef = 085E9B8E26F7956A007B38D8 /* Assets.xcassets */; };
		085E9B9226F7956A007B38D8 /* Preview Assets.xcassets in Resources */ = {isa = PBXBuildFile; fileRef = 085E9B9126F7956A007B38D8 /* Preview Assets.xcassets */; };
/* End PBXBuildFile section */

/* Begin PBXContainerItemProxy section */
		085E9B7626F79568007B38D8 /* PBXContainerItemProxy */ = {
			isa = PBXContainerItemProxy;
			containerPortal = 085E9B6A26F79568007B38D8 /* Project object */;
			proxyType = 1;
			remoteGlobalIDString = 085E9B7326F79568007B38D8;
			remoteInfo = "TimerApp WatchKit App";
		};
		085E9B8126F79569007B38D8 /* PBXContainerItemProxy */ = {
			isa = PBXContainerItemProxy;
			containerPortal = 085E9B6A26F79568007B38D8 /* Project object */;
			proxyType = 1;
			remoteGlobalIDString = 085E9B7E26F79569007B38D8;
			remoteInfo = "TimerApp WatchKit Extension";
		};
/* End PBXContainerItemProxy section */

/* Begin PBXCopyFilesBuildPhase section */
		085E9B9A26F7956A007B38D8 /* Embed App Extensions */ = {
			isa = PBXCopyFilesBuildPhase;
			buildActionMask = 2147483647;
			dstPath = "";
			dstSubfolderSpec = 13;
			files = (
				085E9B8026F79569007B38D8 /* TimerApp WatchKit Extension.appex in Embed App Extensions */,
			);
			name = "Embed App Extensions";
			runOnlyForDeploymentPostprocessing = 0;
		};
		085E9B9E26F7956A007B38D8 /* Embed Watch Content */ = {
			isa = PBXCopyFilesBuildPhase;
			buildActionMask = 2147483647;
			dstPath = "$(CONTENTS_FOLDER_PATH)/Watch";
			dstSubfolderSpec = 16;
			files = (
				085E9B7526F79568007B38D8 /* TimerApp WatchKit App.app in Embed Watch Content */,
			);
			name = "Embed Watch Content";
			runOnlyForDeploymentPostprocessing = 0;
		};
/* End PBXCopyFilesBuildPhase section */

/* Begin PBXFileReference section */
		085E9B7026F79568007B38D8 /* TimerApp.app */ = {isa = PBXFileReference; explicitFileType = wrapper.application; includeInIndex = 0; path = TimerApp.app; sourceTree = BUILT_PRODUCTS_DIR; };
		085E9B7426F79568007B38D8 /* TimerApp WatchKit App.app */ = {isa = PBXFileReference; explicitFileType = wrapper.application; includeInIndex = 0; path = "TimerApp WatchKit App.app"; sourceTree = BUILT_PRODUCTS_DIR; };
		085E9B7926F79569007B38D8 /* Assets.xcassets */ = {isa = PBXFileReference; lastKnownFileType = folder.assetcatalog; path = Assets.xcassets; sourceTree = "<group>"; };
		085E9B7F26F79569007B38D8 /* TimerApp WatchKit Extension.appex */ = {isa = PBXFileReference; explicitFileType = "wrapper.app-extension"; includeInIndex = 0; path = "TimerApp WatchKit Extension.appex"; sourceTree = BUILT_PRODUCTS_DIR; };
		085E9B8426F79569007B38D8 /* TimerAppApp.swift */ = {isa = PBXFileReference; lastKnownFileType = sourcecode.swift; path = TimerAppApp.swift; sourceTree = "<group>"; };
		085E9B8626F79569007B38D8 /* ContentView.swift */ = {isa = PBXFileReference; lastKnownFileType = sourcecode.swift; path = ContentView.swift; sourceTree = "<group>"; };
		085E9B8826F79569007B38D8 /* NotificationController.swift */ = {isa = PBXFileReference; lastKnownFileType = sourcecode.swift; path = NotificationController.swift; sourceTree = "<group>"; };
		085E9B8A26F79569007B38D8 /* NotificationView.swift */ = {isa = PBXFileReference; lastKnownFileType = sourcecode.swift; path = NotificationView.swift; sourceTree = "<group>"; };
		085E9B8C26F79569007B38D8 /* ComplicationController.swift */ = {isa = PBXFileReference; lastKnownFileType = sourcecode.swift; path = ComplicationController.swift; sourceTree = "<group>"; };
		085E9B8E26F7956A007B38D8 /* Assets.xcassets */ = {isa = PBXFileReference; lastKnownFileType = folder.assetcatalog; path = Assets.xcassets; sourceTree = "<group>"; };
		085E9B9126F7956A007B38D8 /* Preview Assets.xcassets */ = {isa = PBXFileReference; lastKnownFileType = folder.assetcatalog; path = "Preview Assets.xcassets"; sourceTree = "<group>"; };
		085E9B9326F7956A007B38D8 /* Info.plist */ = {isa = PBXFileReference; lastKnownFileType = text.plist.xml; path = Info.plist; sourceTree = "<group>"; };
		085E9B9426F7956A007B38D8 /* PushNotificationPayload.apns */ = {isa = PBXFileReference; lastKnownFileType = text; path = PushNotificationPayload.apns; sourceTree = "<group>"; };
/* End PBXFileReference section */

/* Begin PBXFrameworksBuildPhase section */
		085E9B7C26F79569007B38D8 /* Frameworks */ = {
			isa = PBXFrameworksBuildPhase;
			buildActionMask = 2147483647;
			files = (
			);
			runOnlyForDeploymentPostprocessing = 0;
		};
/* End PBXFrameworksBuildPhase section */

/* Begin PBXGroup section */
		085E9B6926F79568007B38D8 = {
			isa = PBXGroup;
			children = (
				085E9B7826F79568007B38D8 /* TimerApp WatchKit App */,
				085E9B8326F79569007B38D8 /* TimerApp WatchKit Extension */,
				085E9B7126F79568007B38D8 /* Products */,
			);
			sourceTree = "<group>";
		};
		085E9B7126F79568007B38D8 /* Products */ = {
			isa = PBXGroup;
			children = (
				085E9B7026F79568007B38D8 /* TimerApp.app */,
				085E9B7426F79568007B38D8 /* TimerApp WatchKit App.app */,
				085E9B7F26F79569007B38D8 /* TimerApp WatchKit Extension.appex */,
			);
			name = Products;
			sourceTree = "<group>";
		};
		085E9B7826F79568007B38D8 /* TimerApp WatchKit App */ = {
			isa = PBXGroup;
			children = (
				085E9B7926F79569007B38D8 /* Assets.xcassets */,
			);
			path = "TimerApp WatchKit App";
			sourceTree = "<group>";
		};
		085E9B8326F79569007B38D8 /* TimerApp WatchKit Extension */ = {
			isa = PBXGroup;
			children = (
				085E9B8426F79569007B38D8 /* TimerAppApp.swift */,
				085E9B8626F79569007B38D8 /* ContentView.swift */,
				085E9B8826F79569007B38D8 /* NotificationController.swift */,
				085E9B8A26F79569007B38D8 /* NotificationView.swift */,
				085E9B8C26F79569007B38D8 /* ComplicationController.swift */,
				085E9B8E26F7956A007B38D8 /* Assets.xcassets */,
				085E9B9326F7956A007B38D8 /* Info.plist */,
				085E9B9426F7956A007B38D8 /* PushNotificationPayload.apns */,
				085E9B9026F7956A007B38D8 /* Preview Content */,
			);
			path = "TimerApp WatchKit Extension";
			sourceTree = "<group>";
		};
		085E9B9026F7956A007B38D8 /* Preview Content */ = {
			isa = PBXGroup;
			children = (
				085E9B9126F7956A007B38D8 /* Preview Assets.xcassets */,
			);
			path = "Preview Content";
			sourceTree = "<group>";
		};
/* End PBXGroup section */

/* Begin PBXNativeTarget section */
		085E9B6F26F79568007B38D8 /* TimerApp */ = {
			isa = PBXNativeTarget;
			buildConfigurationList = 085E9B9F26F7956A007B38D8 /* Build configuration list for PBXNativeTarget "TimerApp" */;
			buildPhases = (
				085E9B6E26F79568007B38D8 /* Resources */,
				085E9B9E26F7956A007B38D8 /* Embed Watch Content */,
			);
			buildRules = (
			);
			dependencies = (
				085E9B7726F79568007B38D8 /* PBXTargetDependency */,
			);
			name = TimerApp;
			productName = TimerApp;
			productReference = 085E9B7026F79568007B38D8 /* TimerApp.app */;
			productType = "com.apple.product-type.application.watchapp2-container";
		};
		085E9B7326F79568007B38D8 /* TimerApp WatchKit App */ = {
			isa = PBXNativeTarget;
			buildConfigurationList = 085E9B9B26F7956A007B38D8 /* Build configuration list for PBXNativeTarget "TimerApp WatchKit App" */;
			buildPhases = (
				085E9B7226F79568007B38D8 /* Resources */,
				085E9B9A26F7956A007B38D8 /* Embed App Extensions */,
			);
			buildRules = (
			);
			dependencies = (
				085E9B8226F79569007B38D8 /* PBXTargetDependency */,
			);
			name = "TimerApp WatchKit App";
			productName = "TimerApp WatchKit App";
			productReference = 085E9B7426F79568007B38D8 /* TimerApp WatchKit App.app */;
			productType = "com.apple.product-type.application.watchapp2";
		};
		085E9B7E26F79569007B38D8 /* TimerApp WatchKit Extension */ = {
			isa = PBXNativeTarget;
			buildConfigurationList = 085E9B9726F7956A007B38D8 /* Build configuration list for PBXNativeTarget "TimerApp WatchKit Extension" */;
			buildPhases = (
				085E9B7B26F79569007B38D8 /* Sources */,
				085E9B7C26F79569007B38D8 /* Frameworks */,
				085E9B7D26F79569007B38D8 /* Resources */,
			);
			buildRules = (
			);
			dependencies = (
			);
			name = "TimerApp WatchKit Extension";
			productName = "TimerApp WatchKit Extension";
			productReference = 085E9B7F26F79569007B38D8 /* TimerApp WatchKit Extension.appex */;
			productType = "com.apple.product-type.watchkit2-extension";
		};
/* End PBXNativeTarget section */

/* Begin PBXProject section */
		085E9B6A26F79568007B38D8 /* Project object */ = {
			isa = PBXProject;
			attributes = {
				BuildIndependentTargetsInParallel = 1;
				LastSwiftUpdateCheck = 1300;
				LastUpgradeCheck = 1300;
				TargetAttributes = {
					085E9B6F26F79568007B38D8 = {
						CreatedOnToolsVersion = 13.0;
					};
					085E9B7326F79568007B38D8 = {
						CreatedOnToolsVersion = 13.0;
					};
					085E9B7E26F79569007B38D8 = {
						CreatedOnToolsVersion = 13.0;
					};
				};
			};
			buildConfigurationList = 085E9B6D26F79568007B38D8 /* Build configuration list for PBXProject "TimerApp" */;
			compatibilityVersion = "Xcode 13.0";
			developmentRegion = en;
			hasScannedForEncodings = 0;
			knownRegions = (
				en,
				Base,
			);
			mainGroup = 085E9B6926F79568007B38D8;
			productRefGroup = 085E9B7126F79568007B38D8 /* Products */;
			projectDirPath = "";
			projectRoot = "";
			targets = (
				085E9B6F26F79568007B38D8 /* TimerApp */,
				085E9B7326F79568007B38D8 /* TimerApp WatchKit App */,
				085E9B7E26F79569007B38D8 /* TimerApp WatchKit Extension */,
			);
		};
/* End PBXProject section */

/* Begin PBXResourcesBuildPhase section */
		085E9B6E26F79568007B38D8 /* Resources */ = {
			isa = PBXResourcesBuildPhase;
			buildActionMask = 2147483647;
			files = (
			);
			runOnlyForDeploymentPostprocessing = 0;
		};
		085E9B7226F79568007B38D8 /* Resources */ = {
			isa = PBXResourcesBuildPhase;
			buildActionMask = 2147483647;
			files = (
				085E9B7A26F79569007B38D8 /* Assets.xcassets in Resources */,
			);
			runOnlyForDeploymentPostprocessing = 0;
		};
		085E9B7D26F79569007B38D8 /* Resources */ = {
			isa = PBXResourcesBuildPhase;
			buildActionMask = 2147483647;
			files = (
				085E9B9226F7956A007B38D8 /* Preview Assets.xcassets in Resources */,
				085E9B8F26F7956A007B38D8 /* Assets.xcassets in Resources */,
			);
			runOnlyForDeploymentPostprocessing = 0;
		};
/* End PBXResourcesBuildPhase section */

/* Begin PBXSourcesBuildPhase section */
		085E9B7B26F79569007B38D8 /* Sources */ = {
			isa = PBXSourcesBuildPhase;
			buildActionMask = 2147483647;
			files = (
				085E9B8926F79569007B38D8 /* NotificationController.swift in Sources */,
				085E9B8726F79569007B38D8 /* ContentView.swift in Sources */,
				085E9B8D26F79569007B38D8 /* ComplicationController.swift in Sources */,
				085E9B8526F79569007B38D8 /* TimerAppApp.swift in Sources */,
				085E9B8B26F79569007B38D8 /* NotificationView.swift in Sources */,
			);
			runOnlyForDeploymentPostprocessing = 0;
		};
/* End PBXSourcesBuildPhase section */

/* Begin PBXTargetDependency section */
		085E9B7726F79568007B38D8 /* PBXTargetDependency */ = {
			isa = PBXTargetDependency;
			target = 085E9B7326F79568007B38D8 /* TimerApp WatchKit App */;
			targetProxy = 085E9B7626F79568007B38D8 /* PBXContainerItemProxy */;
		};
		085E9B8226F79569007B38D8 /* PBXTargetDependency */ = {
			isa = PBXTargetDependency;
			target = 085E9B7E26F79569007B38D8 /* TimerApp WatchKit Extension */;
			targetProxy = 085E9B8126F79569007B38D8 /* PBXContainerItemProxy */;
		};
/* End PBXTargetDependency section */

/* Begin XCBuildConfiguration section */
		085E9B9526F7956A007B38D8 /* Debug */ = {
			isa = XCBuildConfiguration;
			buildSettings = {
				ALWAYS_SEARCH_USER_PATHS = NO;
				CLANG_ANALYZER_NONNULL = YES;
				CLANG_ANALYZER_NUMBER_OBJECT_CONVERSION = YES_AGGRESSIVE;
				CLANG_CXX_LANGUAGE_STANDARD = "gnu++17";
				CLANG_CXX_LIBRARY = "libc++";
				CLANG_ENABLE_MODULES = YES;
				CLANG_ENABLE_OBJC_ARC = YES;
				CLANG_ENABLE_OBJC_WEAK = YES;
				CLANG_WARN_BLOCK_CAPTURE_AUTORELEASING = YES;
				CLANG_WARN_BOOL_CONVERSION = YES;
				CLANG_WARN_COMMA = YES;
				CLANG_WARN_CONSTANT_CONVERSION = YES;
				CLANG_WARN_DEPRECATED_OBJC_IMPLEMENTATIONS = YES;
				CLANG_WARN_DIRECT_OBJC_ISA_USAGE = YES_ERROR;
				CLANG_WARN_DOCUMENTATION_COMMENTS = YES;
				CLANG_WARN_EMPTY_BODY = YES;
				CLANG_WARN_ENUM_CONVERSION = YES;
				CLANG_WARN_INFINITE_RECURSION = YES;
				CLANG_WARN_INT_CONVERSION = YES;
				CLANG_WARN_NON_LITERAL_NULL_CONVERSION = YES;
				CLANG_WARN_OBJC_IMPLICIT_RETAIN_SELF = YES;
				CLANG_WARN_OBJC_LITERAL_CONVERSION = YES;
				CLANG_WARN_OBJC_ROOT_CLASS = YES_ERROR;
				CLANG_WARN_QUOTED_INCLUDE_IN_FRAMEWORK_HEADER = YES;
				CLANG_WARN_RANGE_LOOP_ANALYSIS = YES;
				CLANG_WARN_STRICT_PROTOTYPES = YES;
				CLANG_WARN_SUSPICIOUS_MOVE = YES;
				CLANG_WARN_UNGUARDED_AVAILABILITY = YES_AGGRESSIVE;
				CLANG_WARN_UNREACHABLE_CODE = YES;
				CLANG_WARN__DUPLICATE_METHOD_MATCH = YES;
				COPY_PHASE_STRIP = NO;
				DEBUG_INFORMATION_FORMAT = dwarf;
				ENABLE_STRICT_OBJC_MSGSEND = YES;
				ENABLE_TESTABILITY = YES;
				GCC_C_LANGUAGE_STANDARD = gnu11;
				GCC_DYNAMIC_NO_PIC = NO;
				GCC_NO_COMMON_BLOCKS = YES;
				GCC_OPTIMIZATION_LEVEL = 0;
				GCC_PREPROCESSOR_DEFINITIONS = (
					"DEBUG=1",
					"$(inherited)",
				);
				GCC_WARN_64_TO_32_BIT_CONVERSION = YES;
				GCC_WARN_ABOUT_RETURN_TYPE = YES_ERROR;
				GCC_WARN_UNDECLARED_SELECTOR = YES;
				GCC_WARN_UNINITIALIZED_AUTOS = YES_AGGRESSIVE;
				GCC_WARN_UNUSED_FUNCTION = YES;
				GCC_WARN_UNUSED_VARIABLE = YES;
				MTL_ENABLE_DEBUG_INFO = INCLUDE_SOURCE;
				MTL_FAST_MATH = YES;
				ONLY_ACTIVE_ARCH = YES;
				SDKROOT = iphoneos;
				SWIFT_ACTIVE_COMPILATION_CONDITIONS = DEBUG;
				SWIFT_OPTIMIZATION_LEVEL = "-Onone";
			};
			name = Debug;
		};
		085E9B9626F7956A007B38D8 /* Release */ = {
			isa = XCBuildConfiguration;
			buildSettings = {
				ALWAYS_SEARCH_USER_PATHS = NO;
				CLANG_ANALYZER_NONNULL = YES;
				CLANG_ANALYZER_NUMBER_OBJECT_CONVERSION = YES_AGGRESSIVE;
				CLANG_CXX_LANGUAGE_STANDARD = "gnu++17";
				CLANG_CXX_LIBRARY = "libc++";
				CLANG_ENABLE_MODULES = YES;
				CLANG_ENABLE_OBJC_ARC = YES;
				CLANG_ENABLE_OBJC_WEAK = YES;
				CLANG_WARN_BLOCK_CAPTURE_AUTORELEASING = YES;
				CLANG_WARN_BOOL_CONVERSION = YES;
				CLANG_WARN_COMMA = YES;
				CLANG_WARN_CONSTANT_CONVERSION = YES;
				CLANG_WARN_DEPRECATED_OBJC_IMPLEMENTATIONS = YES;
				CLANG_WARN_DIRECT_OBJC_ISA_USAGE = YES_ERROR;
				CLANG_WARN_DOCUMENTATION_COMMENTS = YES;
				CLANG_WARN_EMPTY_BODY = YES;
				CLANG_WARN_ENUM_CONVERSION = YES;
				CLANG_WARN_INFINITE_RECURSION = YES;
				CLANG_WARN_INT_CONVERSION = YES;
				CLANG_WARN_NON_LITERAL_NULL_CONVERSION = YES;
				CLANG_WARN_OBJC_IMPLICIT_RETAIN_SELF = YES;
				CLANG_WARN_OBJC_LITERAL_CONVERSION = YES;
				CLANG_WARN_OBJC_ROOT_CLASS = YES_ERROR;
				CLANG_WARN_QUOTED_INCLUDE_IN_FRAMEWORK_HEADER = YES;
				CLANG_WARN_RANGE_LOOP_ANALYSIS = YES;
				CLANG_WARN_STRICT_PROTOTYPES = YES;
				CLANG_WARN_SUSPICIOUS_MOVE = YES;
				CLANG_WARN_UNGUARDED_AVAILABILITY = YES_AGGRESSIVE;
				CLANG_WARN_UNREACHABLE_CODE = YES;
				CLANG_WARN__DUPLICATE_METHOD_MATCH = YES;
				COPY_PHASE_STRIP = NO;
				DEBUG_INFORMATION_FORMAT = "dwarf-with-dsym";
				ENABLE_NS_ASSERTIONS = NO;
				ENABLE_STRICT_OBJC_MSGSEND = YES;
				GCC_C_LANGUAGE_STANDARD = gnu11;
				GCC_NO_COMMON_BLOCKS = YES;
				GCC_WARN_64_TO_32_BIT_CONVERSION = YES;
				GCC_WARN_ABOUT_RETURN_TYPE = YES_ERROR;
				GCC_WARN_UNDECLARED_SELECTOR = YES;
				GCC_WARN_UNINITIALIZED_AUTOS = YES_AGGRESSIVE;
				GCC_WARN_UNUSED_FUNCTION = YES;
				GCC_WARN_UNUSED_VARIABLE = YES;
				MTL_ENABLE_DEBUG_INFO = NO;
				MTL_FAST_MATH = YES;
				SDKROOT = iphoneos;
				SWIFT_COMPILATION_MODE = wholemodule;
				SWIFT_OPTIMIZATION_LEVEL = "-O";
				VALIDATE_PRODUCT = YES;
			};
			name = Release;
		};
		085E9B9826F7956A007B38D8 /* Debug */ = {
			isa = XCBuildConfiguration;
			buildSettings = {
				ASSETCATALOG_COMPILER_COMPLICATION_NAME = Complication;
				CODE_SIGN_STYLE = Automatic;
				CURRENT_PROJECT_VERSION = 1;
				DEVELOPMENT_ASSET_PATHS = "\"TimerApp WatchKit Extension/Preview Content\"";
				DEVELOPMENT_TEAM = CPX7FN2K89;
				ENABLE_PREVIEWS = YES;
				GENERATE_INFOPLIST_FILE = YES;
				INFOPLIST_FILE = "TimerApp WatchKit Extension/Info.plist";
				INFOPLIST_KEY_CFBundleDisplayName = "TimerApp WatchKit Extension";
				INFOPLIST_KEY_CLKComplicationPrincipalClass = "$(PRODUCT_MODULE_NAME).ComplicationController";
				INFOPLIST_KEY_NSHumanReadableCopyright = "";
				INFOPLIST_KEY_WKWatchOnly = YES;
				LD_RUNPATH_SEARCH_PATHS = (
					"$(inherited)",
					"@executable_path/Frameworks",
					"@executable_path/../../Frameworks",
				);
				MARKETING_VERSION = 1.0;
				PRODUCT_BUNDLE_IDENTIFIER = dev.erikflores.TimerApp.watchkitapp.watchkitextension;
				PRODUCT_NAME = "${TARGET_NAME}";
				SDKROOT = watchos;
				SKIP_INSTALL = YES;
				SWIFT_EMIT_LOC_STRINGS = YES;
				SWIFT_VERSION = 5.0;
				TARGETED_DEVICE_FAMILY = 4;
				WATCHOS_DEPLOYMENT_TARGET = 8.0;
			};
			name = Debug;
		};
		085E9B9926F7956A007B38D8 /* Release */ = {
			isa = XCBuildConfiguration;
			buildSettings = {
				ASSETCATALOG_COMPILER_COMPLICATION_NAME = Complication;
				CODE_SIGN_STYLE = Automatic;
				CURRENT_PROJECT_VERSION = 1;
				DEVELOPMENT_ASSET_PATHS = "\"TimerApp WatchKit Extension/Preview Content\"";
				DEVELOPMENT_TEAM = CPX7FN2K89;
				ENABLE_PREVIEWS = YES;
				GENERATE_INFOPLIST_FILE = YES;
				INFOPLIST_FILE = "TimerApp WatchKit Extension/Info.plist";
				INFOPLIST_KEY_CFBundleDisplayName = "TimerApp WatchKit Extension";
				INFOPLIST_KEY_CLKComplicationPrincipalClass = "$(PRODUCT_MODULE_NAME).ComplicationController";
				INFOPLIST_KEY_NSHumanReadableCopyright = "";
				INFOPLIST_KEY_WKWatchOnly = YES;
				LD_RUNPATH_SEARCH_PATHS = (
					"$(inherited)",
					"@executable_path/Frameworks",
					"@executable_path/../../Frameworks",
				);
				MARKETING_VERSION = 1.0;
				PRODUCT_BUNDLE_IDENTIFIER = dev.erikflores.TimerApp.watchkitapp.watchkitextension;
				PRODUCT_NAME = "${TARGET_NAME}";
				SDKROOT = watchos;
				SKIP_INSTALL = YES;
				SWIFT_EMIT_LOC_STRINGS = YES;
				SWIFT_VERSION = 5.0;
				TARGETED_DEVICE_FAMILY = 4;
				WATCHOS_DEPLOYMENT_TARGET = 8.0;
			};
			name = Release;
		};
		085E9B9C26F7956A007B38D8 /* Debug */ = {
			isa = XCBuildConfiguration;
			buildSettings = {
				ALWAYS_EMBED_SWIFT_STANDARD_LIBRARIES = YES;
				ASSETCATALOG_COMPILER_APPICON_NAME = AppIcon;
				ASSETCATALOG_COMPILER_GLOBAL_ACCENT_COLOR_NAME = AccentColor;
				CODE_SIGN_STYLE = Automatic;
				CURRENT_PROJECT_VERSION = 1;
				DEVELOPMENT_TEAM = CPX7FN2K89;
				GENERATE_INFOPLIST_FILE = YES;
				IBSC_MODULE = TimerApp_WatchKit_Extension;
				INFOPLIST_KEY_CFBundleDisplayName = "TimerApp WatchKit App";
				INFOPLIST_KEY_UISupportedInterfaceOrientations = "UIInterfaceOrientationPortrait UIInterfaceOrientationPortraitUpsideDown";
				MARKETING_VERSION = 1.0;
				PRODUCT_BUNDLE_IDENTIFIER = dev.erikflores.TimerApp.watchkitapp;
				PRODUCT_NAME = "$(TARGET_NAME)";
				SDKROOT = watchos;
				SKIP_INSTALL = YES;
				SWIFT_EMIT_LOC_STRINGS = YES;
				SWIFT_VERSION = 5.0;
				TARGETED_DEVICE_FAMILY = 4;
				WATCHOS_DEPLOYMENT_TARGET = 8.0;
			};
			name = Debug;
		};
		085E9B9D26F7956A007B38D8 /* Release */ = {
			isa = XCBuildConfiguration;
			buildSettings = {
				ALWAYS_EMBED_SWIFT_STANDARD_LIBRARIES = YES;
				ASSETCATALOG_COMPILER_APPICON_NAME = AppIcon;
				ASSETCATALOG_COMPILER_GLOBAL_ACCENT_COLOR_NAME = AccentColor;
				CODE_SIGN_STYLE = Automatic;
				CURRENT_PROJECT_VERSION = 1;
				DEVELOPMENT_TEAM = CPX7FN2K89;
				GENERATE_INFOPLIST_FILE = YES;
				IBSC_MODULE = TimerApp_WatchKit_Extension;
				INFOPLIST_KEY_CFBundleDisplayName = "TimerApp WatchKit App";
				INFOPLIST_KEY_UISupportedInterfaceOrientations = "UIInterfaceOrientationPortrait UIInterfaceOrientationPortraitUpsideDown";
				MARKETING_VERSION = 1.0;
				PRODUCT_BUNDLE_IDENTIFIER = dev.erikflores.TimerApp.watchkitapp;
				PRODUCT_NAME = "$(TARGET_NAME)";
				SDKROOT = watchos;
				SKIP_INSTALL = YES;
				SWIFT_EMIT_LOC_STRINGS = YES;
				SWIFT_VERSION = 5.0;
				TARGETED_DEVICE_FAMILY = 4;
				WATCHOS_DEPLOYMENT_TARGET = 8.0;
			};
			name = Release;
		};
		085E9BA026F7956A007B38D8 /* Debug */ = {
			isa = XCBuildConfiguration;
			buildSettings = {
				CODE_SIGN_STYLE = Automatic;
				CURRENT_PROJECT_VERSION = 1;
				DEVELOPMENT_TEAM = CPX7FN2K89;
				MARKETING_VERSION = 1.0;
				PRODUCT_BUNDLE_IDENTIFIER = dev.erikflores.TimerApp;
				PRODUCT_NAME = "$(TARGET_NAME)";
				SWIFT_VERSION = 5.0;
			};
			name = Debug;
		};
		085E9BA126F7956A007B38D8 /* Release */ = {
			isa = XCBuildConfiguration;
			buildSettings = {
				CODE_SIGN_STYLE = Automatic;
				CURRENT_PROJECT_VERSION = 1;
				DEVELOPMENT_TEAM = CPX7FN2K89;
				MARKETING_VERSION = 1.0;
				PRODUCT_BUNDLE_IDENTIFIER = dev.erikflores.TimerApp;
				PRODUCT_NAME = "$(TARGET_NAME)";
				SWIFT_VERSION = 5.0;
			};
			name = Release;
		};
/* End XCBuildConfiguration section */

/* Begin XCConfigurationList section */
		085E9B6D26F79568007B38D8 /* Build configuration list for PBXProject "TimerApp" */ = {
			isa = XCConfigurationList;
			buildConfigurations = (
				085E9B9526F7956A007B38D8 /* Debug */,
				085E9B9626F7956A007B38D8 /* Release */,
			);
			defaultConfigurationIsVisible = 0;
			defaultConfigurationName = Release;
		};
		085E9B9726F7956A007B38D8 /* Build configuration list for PBXNativeTarget "TimerApp WatchKit Extension" */ = {
			isa = XCConfigurationList;
			buildConfigurations = (
				085E9B9826F7956A007B38D8 /* Debug */,
				085E9B9926F7956A007B38D8 /* Release */,
			);
			defaultConfigurationIsVisible = 0;
			defaultConfigurationName = Release;
		};
		085E9B9B26F7956A007B38D8 /* Build configuration list for PBXNativeTarget "TimerApp WatchKit App" */ = {
			isa = XCConfigurationList;
			buildConfigurations = (
				085E9B9C26F7956A007B38D8 /* Debug */,
				085E9B9D26F7956A007B38D8 /* Release */,
			);
			defaultConfigurationIsVisible = 0;
			defaultConfigurationName = Release;
		};
		085E9B9F26F7956A007B38D8 /* Build configuration list for PBXNativeTarget "TimerApp" */ = {
			isa = XCConfigurationList;
			buildConfigurations = (
				085E9BA026F7956A007B38D8 /* Debug */,
				085E9BA126F7956A007B38D8 /* Release */,
			);
			defaultConfigurationIsVisible = 0;
			defaultConfigurationName = Release;
		};
/* End XCConfigurationList section */
	};
	rootObject = 085E9B6A26F79568007B38D8 /* Project object */;
}
